
Microsoft Visual Studio Solution File, Format Version 12.00
# Visual Studio Version 16
VisualStudioVersion = 16.0.29509.3
MinimumVisualStudioVersion = 10.0.40219.1
Project("{FAE04EC0-301F-11D3-BF4B-00C04F79EFBC}") = "gp", "gp.csproj", "{3FAEF504-17F0-4F20-AFD6-1FE769C464F2}"
EndProject
Global
	GlobalSection(SolutionConfigurationPlatforms) = preSolution
		Debug|Any CPU = Debug|Any CPU
		Release|Any CPU = Release|Any CPU
	EndGlobalSection
	GlobalSection(ProjectConfigurationPlatforms) = postSolution
		{3FAEF504-17F0-4F20-AFD6-1FE769C464F2}.Debug|Any CPU.ActiveCfg = Debug|Any CPU
		{3FAEF504-17F0-4F20-AFD6-1FE769C464F2}.Debug|Any CPU.Build.0 = Debug|Any CPU
		{3FAEF504-17F0-4F20-AFD6-1FE769C464F2}.Release|Any CPU.ActiveCfg = Release|Any CPU
		{3FAEF504-17F0-4F20-AFD6-1FE769C464F2}.Release|Any CPU.Build.0 = Release|Any CPU
	EndGlobalSection
	GlobalSection(SolutionProperties) = preSolution
		HideSolutionNode = FALSE
	EndGlobalSection
	GlobalSection(ExtensibilityGlobals) = postSolution
		SolutionGuid = {E49B830E-E444-4AC3-87E6-B22400FE9A4E}
	EndGlobalSection
EndGlobal
